// !$*UTF8*$!
{
	archiveVersion = 1;
	classes = {
	};
	objectVersion = 51;
	objects = {

/* Begin PBXBuildFile section */
		12F7685401D2209170DAD9BA /* Pods_WeFit.framework in Frameworks */ = {isa = PBXBuildFile; fileRef = 239DCFAA1DD9A860441A5F7E /* Pods_WeFit.framework */; };
		1A38947D245DEF7A006DA20B /* AddExercisesVC.swift in Sources */ = {isa = PBXBuildFile; fileRef = 1A38947C245DEF7A006DA20B /* AddExercisesVC.swift */; };
		1A38947F245DEFF1006DA20B /* PossibleExerciseCell.swift in Sources */ = {isa = PBXBuildFile; fileRef = 1A38947E245DEFF1006DA20B /* PossibleExerciseCell.swift */; };
		1A6BD4082470BE1300D75268 /* User.swift in Sources */ = {isa = PBXBuildFile; fileRef = 1A6BD4072470BE1300D75268 /* User.swift */; };
		1A6BD40A2470C6A200D75268 /* Member.swift in Sources */ = {isa = PBXBuildFile; fileRef = 1A6BD4092470C6A200D75268 /* Member.swift */; };
		1A7E1AFD2454D03900AA6568 /* WorkoutLogVC.swift in Sources */ = {isa = PBXBuildFile; fileRef = 1A7E1AFC2454D03900AA6568 /* WorkoutLogVC.swift */; };
		1A7E1AFF2454F41700AA6568 /* ExerciseCell.swift in Sources */ = {isa = PBXBuildFile; fileRef = 1A7E1AFE2454F41700AA6568 /* ExerciseCell.swift */; };
		1A7E1B0124564BB400AA6568 /* SetCell.swift in Sources */ = {isa = PBXBuildFile; fileRef = 1A7E1B0024564BB400AA6568 /* SetCell.swift */; };
		1A7E1B03245768B100AA6568 /* AddSetCell.swift in Sources */ = {isa = PBXBuildFile; fileRef = 1A7E1B02245768B100AA6568 /* AddSetCell.swift */; };
		1A7E1B05245769EB00AA6568 /* AddExerciseCell.swift in Sources */ = {isa = PBXBuildFile; fileRef = 1A7E1B04245769EB00AA6568 /* AddExerciseCell.swift */; };
		1A83B9042461F0CF00A7BA38 /* GoogleService-Info.plist in Resources */ = {isa = PBXBuildFile; fileRef = 1A83B9032461F0CF00A7BA38 /* GoogleService-Info.plist */; };
		1ABEA27E2454BF5000BA97A6 /* AppDelegate.swift in Sources */ = {isa = PBXBuildFile; fileRef = 1ABEA27D2454BF5000BA97A6 /* AppDelegate.swift */; };
		1ABEA2802454BF5000BA97A6 /* SceneDelegate.swift in Sources */ = {isa = PBXBuildFile; fileRef = 1ABEA27F2454BF5000BA97A6 /* SceneDelegate.swift */; };
		1ABEA2822454BF5000BA97A6 /* ViewController.swift in Sources */ = {isa = PBXBuildFile; fileRef = 1ABEA2812454BF5000BA97A6 /* ViewController.swift */; };
		1ABEA2852454BF5000BA97A6 /* Main.storyboard in Resources */ = {isa = PBXBuildFile; fileRef = 1ABEA2832454BF5000BA97A6 /* Main.storyboard */; };
		1ABEA28A2454BF5100BA97A6 /* LaunchScreen.storyboard in Resources */ = {isa = PBXBuildFile; fileRef = 1ABEA2882454BF5100BA97A6 /* LaunchScreen.storyboard */; };
		1ABEA2922454C49100BA97A6 /* Workout.swift in Sources */ = {isa = PBXBuildFile; fileRef = 1ABEA2912454C49100BA97A6 /* Workout.swift */; };
		1AC04AD82469BE39002E8A40 /* RankCell.swift in Sources */ = {isa = PBXBuildFile; fileRef = 1AC04AD72469BE39002E8A40 /* RankCell.swift */; };
		1AC04ADA246A08DF002E8A40 /* Competitor.swift in Sources */ = {isa = PBXBuildFile; fileRef = 1AC04AD9246A08DF002E8A40 /* Competitor.swift */; };
		1AC04ADC246A3275002E8A40 /* Challenge.swift in Sources */ = {isa = PBXBuildFile; fileRef = 1AC04ADB246A3275002E8A40 /* Challenge.swift */; };
		1AC04ADE2470B5E4002E8A40 /* ChallengeAddMemberVC.swift in Sources */ = {isa = PBXBuildFile; fileRef = 1AC04ADD2470B5E4002E8A40 /* ChallengeAddMemberVC.swift */; };
		1AC04AE02470B755002E8A40 /* ChallengeMemberCell.swift in Sources */ = {isa = PBXBuildFile; fileRef = 1AC04ADF2470B755002E8A40 /* ChallengeMemberCell.swift */; };
		1AFE50E524623858004C560A /* FacebookLoginVC.swift in Sources */ = {isa = PBXBuildFile; fileRef = 1AFE50E424623858004C560A /* FacebookLoginVC.swift */; };
		999FFA8B24663D24002AA407 /* Assets.xcassets in Resources */ = {isa = PBXBuildFile; fileRef = 999FFA8A24663D24002AA407 /* Assets.xcassets */; };
		999FFA8D24664BBE002AA407 /* ExerciseProfileCell.swift in Sources */ = {isa = PBXBuildFile; fileRef = 999FFA8C24664BBE002AA407 /* ExerciseProfileCell.swift */; };
		99B1E12B246347990005D8A7 /* LeaderboardVC.swift in Sources */ = {isa = PBXBuildFile; fileRef = 99B1E12A246347990005D8A7 /* LeaderboardVC.swift */; };
		99B1E12D24661C910005D8A7 /* Profile.swift in Sources */ = {isa = PBXBuildFile; fileRef = 99B1E12C24661C910005D8A7 /* Profile.swift */; };
		99B1E12F24661D6C0005D8A7 /* ProfileViewController.swift in Sources */ = {isa = PBXBuildFile; fileRef = 99B1E12E24661D6C0005D8A7 /* ProfileViewController.swift */; };
		99D2C7982462216600C5273B /* LoginViewController.swift in Sources */ = {isa = PBXBuildFile; fileRef = 99D2C7972462216600C5273B /* LoginViewController.swift */; };
		99D2C79A2462237400C5273B /* MainTabController.swift in Sources */ = {isa = PBXBuildFile; fileRef = 99D2C7992462237400C5273B /* MainTabController.swift */; };
		99F6B8D32470F8DC002582C4 /* AddChallengeVC.swift in Sources */ = {isa = PBXBuildFile; fileRef = 99F6B8D22470F8DC002582C4 /* AddChallengeVC.swift */; };
		99F6B8D724748757002582C4 /* SelectExerciseVC.swift in Sources */ = {isa = PBXBuildFile; fileRef = 99F6B8D624748757002582C4 /* SelectExerciseVC.swift */; };
/* End PBXBuildFile section */

/* Begin PBXFileReference section */
		18B405C9A58AF262D179F986 /* Pods-WeFit.debug.xcconfig */ = {isa = PBXFileReference; includeInIndex = 1; lastKnownFileType = text.xcconfig; name = "Pods-WeFit.debug.xcconfig"; path = "Target Support Files/Pods-WeFit/Pods-WeFit.debug.xcconfig"; sourceTree = "<group>"; };
		1A38947C245DEF7A006DA20B /* AddExercisesVC.swift */ = {isa = PBXFileReference; lastKnownFileType = sourcecode.swift; path = AddExercisesVC.swift; sourceTree = "<group>"; };
		1A38947E245DEFF1006DA20B /* PossibleExerciseCell.swift */ = {isa = PBXFileReference; lastKnownFileType = sourcecode.swift; path = PossibleExerciseCell.swift; sourceTree = "<group>"; };
		1A6BD4072470BE1300D75268 /* User.swift */ = {isa = PBXFileReference; lastKnownFileType = sourcecode.swift; path = User.swift; sourceTree = "<group>"; };
		1A6BD4092470C6A200D75268 /* Member.swift */ = {isa = PBXFileReference; lastKnownFileType = sourcecode.swift; path = Member.swift; sourceTree = "<group>"; };
		1A7E1AFC2454D03900AA6568 /* WorkoutLogVC.swift */ = {isa = PBXFileReference; lastKnownFileType = sourcecode.swift; path = WorkoutLogVC.swift; sourceTree = "<group>"; };
		1A7E1AFE2454F41700AA6568 /* ExerciseCell.swift */ = {isa = PBXFileReference; lastKnownFileType = sourcecode.swift; path = ExerciseCell.swift; sourceTree = "<group>"; };
		1A7E1B0024564BB400AA6568 /* SetCell.swift */ = {isa = PBXFileReference; lastKnownFileType = sourcecode.swift; path = SetCell.swift; sourceTree = "<group>"; };
		1A7E1B02245768B100AA6568 /* AddSetCell.swift */ = {isa = PBXFileReference; lastKnownFileType = sourcecode.swift; path = AddSetCell.swift; sourceTree = "<group>"; };
		1A7E1B04245769EB00AA6568 /* AddExerciseCell.swift */ = {isa = PBXFileReference; lastKnownFileType = sourcecode.swift; path = AddExerciseCell.swift; sourceTree = "<group>"; };
		1A83B9032461F0CF00A7BA38 /* GoogleService-Info.plist */ = {isa = PBXFileReference; fileEncoding = 4; lastKnownFileType = text.plist.xml; path = "GoogleService-Info.plist"; sourceTree = "<group>"; };
		1ABEA27A2454BF5000BA97A6 /* WeFit.app */ = {isa = PBXFileReference; explicitFileType = wrapper.application; includeInIndex = 0; path = WeFit.app; sourceTree = BUILT_PRODUCTS_DIR; };
		1ABEA27D2454BF5000BA97A6 /* AppDelegate.swift */ = {isa = PBXFileReference; lastKnownFileType = sourcecode.swift; path = AppDelegate.swift; sourceTree = "<group>"; };
		1ABEA27F2454BF5000BA97A6 /* SceneDelegate.swift */ = {isa = PBXFileReference; lastKnownFileType = sourcecode.swift; path = SceneDelegate.swift; sourceTree = "<group>"; };
		1ABEA2812454BF5000BA97A6 /* ViewController.swift */ = {isa = PBXFileReference; lastKnownFileType = sourcecode.swift; path = ViewController.swift; sourceTree = "<group>"; };
		1ABEA2842454BF5000BA97A6 /* Base */ = {isa = PBXFileReference; lastKnownFileType = file.storyboard; name = Base; path = Base.lproj/Main.storyboard; sourceTree = "<group>"; };
		1ABEA2892454BF5100BA97A6 /* Base */ = {isa = PBXFileReference; lastKnownFileType = file.storyboard; name = Base; path = Base.lproj/LaunchScreen.storyboard; sourceTree = "<group>"; };
		1ABEA28B2454BF5100BA97A6 /* Info.plist */ = {isa = PBXFileReference; lastKnownFileType = text.plist.xml; path = Info.plist; sourceTree = "<group>"; };
		1ABEA2912454C49100BA97A6 /* Workout.swift */ = {isa = PBXFileReference; lastKnownFileType = sourcecode.swift; path = Workout.swift; sourceTree = "<group>"; };
		1AC04AD72469BE39002E8A40 /* RankCell.swift */ = {isa = PBXFileReference; lastKnownFileType = sourcecode.swift; path = RankCell.swift; sourceTree = "<group>"; };
		1AC04AD9246A08DF002E8A40 /* Competitor.swift */ = {isa = PBXFileReference; lastKnownFileType = sourcecode.swift; path = Competitor.swift; sourceTree = "<group>"; };
		1AC04ADB246A3275002E8A40 /* Challenge.swift */ = {isa = PBXFileReference; lastKnownFileType = sourcecode.swift; path = Challenge.swift; sourceTree = "<group>"; };
		1AC04ADD2470B5E4002E8A40 /* ChallengeAddMemberVC.swift */ = {isa = PBXFileReference; lastKnownFileType = sourcecode.swift; path = ChallengeAddMemberVC.swift; sourceTree = "<group>"; };
		1AC04ADF2470B755002E8A40 /* ChallengeMemberCell.swift */ = {isa = PBXFileReference; lastKnownFileType = sourcecode.swift; path = ChallengeMemberCell.swift; sourceTree = "<group>"; };
		1AE463532462460E002759D2 /* WeFit.entitlements */ = {isa = PBXFileReference; lastKnownFileType = text.plist.entitlements; path = WeFit.entitlements; sourceTree = "<group>"; };
		1AFE50E424623858004C560A /* FacebookLoginVC.swift */ = {isa = PBXFileReference; lastKnownFileType = sourcecode.swift; name = FacebookLoginVC.swift; path = WeFit/FacebookLoginVC.swift; sourceTree = SOURCE_ROOT; };
		239DCFAA1DD9A860441A5F7E /* Pods_WeFit.framework */ = {isa = PBXFileReference; explicitFileType = wrapper.framework; includeInIndex = 0; path = Pods_WeFit.framework; sourceTree = BUILT_PRODUCTS_DIR; };
		2F41BD77EB61A337DC227591 /* Pods-WeFit.release.xcconfig */ = {isa = PBXFileReference; includeInIndex = 1; lastKnownFileType = text.xcconfig; name = "Pods-WeFit.release.xcconfig"; path = "Target Support Files/Pods-WeFit/Pods-WeFit.release.xcconfig"; sourceTree = "<group>"; };
		999FFA8A24663D24002AA407 /* Assets.xcassets */ = {isa = PBXFileReference; lastKnownFileType = folder.assetcatalog; path = Assets.xcassets; sourceTree = "<group>"; };
		999FFA8C24664BBE002AA407 /* ExerciseProfileCell.swift */ = {isa = PBXFileReference; lastKnownFileType = sourcecode.swift; path = ExerciseProfileCell.swift; sourceTree = "<group>"; };
		99B1E12A246347990005D8A7 /* LeaderboardVC.swift */ = {isa = PBXFileReference; lastKnownFileType = sourcecode.swift; path = LeaderboardVC.swift; sourceTree = "<group>"; };
		99B1E12C24661C910005D8A7 /* Profile.swift */ = {isa = PBXFileReference; lastKnownFileType = sourcecode.swift; path = Profile.swift; sourceTree = "<group>"; };
		99B1E12E24661D6C0005D8A7 /* ProfileViewController.swift */ = {isa = PBXFileReference; lastKnownFileType = sourcecode.swift; path = ProfileViewController.swift; sourceTree = "<group>"; };
		99D2C7972462216600C5273B /* LoginViewController.swift */ = {isa = PBXFileReference; lastKnownFileType = sourcecode.swift; path = LoginViewController.swift; sourceTree = "<group>"; };
		99D2C7992462237400C5273B /* MainTabController.swift */ = {isa = PBXFileReference; lastKnownFileType = sourcecode.swift; path = MainTabController.swift; sourceTree = "<group>"; };
		99F6B8D22470F8DC002582C4 /* AddChallengeVC.swift */ = {isa = PBXFileReference; lastKnownFileType = sourcecode.swift; path = AddChallengeVC.swift; sourceTree = "<group>"; };
		99F6B8D624748757002582C4 /* SelectExerciseVC.swift */ = {isa = PBXFileReference; lastKnownFileType = sourcecode.swift; path = SelectExerciseVC.swift; sourceTree = "<group>"; };
/* End PBXFileReference section */

/* Begin PBXFrameworksBuildPhase section */
		1ABEA2772454BF5000BA97A6 /* Frameworks */ = {
			isa = PBXFrameworksBuildPhase;
			buildActionMask = 2147483647;
			files = (
				12F7685401D2209170DAD9BA /* Pods_WeFit.framework in Frameworks */,
			);
			runOnlyForDeploymentPostprocessing = 0;
		};
/* End PBXFrameworksBuildPhase section */

/* Begin PBXGroup section */
		1ABEA2712454BF5000BA97A6 = {
			isa = PBXGroup;
			children = (
				1ABEA27C2454BF5000BA97A6 /* WeFit */,
				1ABEA27B2454BF5000BA97A6 /* Products */,
				6116D9FE9BAD4C7CD3A771A1 /* Pods */,
				4BB02B964B3E08D72F3FF363 /* Frameworks */,
			);
			sourceTree = "<group>";
		};
		1ABEA27B2454BF5000BA97A6 /* Products */ = {
			isa = PBXGroup;
			children = (
				1ABEA27A2454BF5000BA97A6 /* WeFit.app */,
			);
			name = Products;
			sourceTree = "<group>";
		};
		1ABEA27C2454BF5000BA97A6 /* WeFit */ = {
			isa = PBXGroup;
			children = (
				1AE463532462460E002759D2 /* WeFit.entitlements */,
				1A83B9032461F0CF00A7BA38 /* GoogleService-Info.plist */,
				1ABEA27D2454BF5000BA97A6 /* AppDelegate.swift */,
				1ABEA27F2454BF5000BA97A6 /* SceneDelegate.swift */,
				1ABEA2812454BF5000BA97A6 /* ViewController.swift */,
				1ABEA2912454C49100BA97A6 /* Workout.swift */,
				1A6BD4072470BE1300D75268 /* User.swift */,
				1A6BD4092470C6A200D75268 /* Member.swift */,
				1AC04AD9246A08DF002E8A40 /* Competitor.swift */,
				1AC04ADB246A3275002E8A40 /* Challenge.swift */,
				99B1E12C24661C910005D8A7 /* Profile.swift */,
				1A7E1AFE2454F41700AA6568 /* ExerciseCell.swift */,
				1A7E1B0024564BB400AA6568 /* SetCell.swift */,
				1A7E1B02245768B100AA6568 /* AddSetCell.swift */,
				1A7E1B04245769EB00AA6568 /* AddExerciseCell.swift */,
				1AC04AD72469BE39002E8A40 /* RankCell.swift */,
				1A38947E245DEFF1006DA20B /* PossibleExerciseCell.swift */,
				999FFA8C24664BBE002AA407 /* ExerciseProfileCell.swift */,
				1AC04ADF2470B755002E8A40 /* ChallengeMemberCell.swift */,
				1AC04ADD2470B5E4002E8A40 /* ChallengeAddMemberVC.swift */,
				99D2C7992462237400C5273B /* MainTabController.swift */,
				99D2C7972462216600C5273B /* LoginViewController.swift */,
				1AFE50E424623858004C560A /* FacebookLoginVC.swift */,
				1A7E1AFC2454D03900AA6568 /* WorkoutLogVC.swift */,
				1A38947C245DEF7A006DA20B /* AddExercisesVC.swift */,
				99B1E12A246347990005D8A7 /* LeaderboardVC.swift */,
				99F6B8D22470F8DC002582C4 /* AddChallengeVC.swift */,
				99F6B8D624748757002582C4 /* SelectExerciseVC.swift */,
				99B1E12E24661D6C0005D8A7 /* ProfileViewController.swift */,
				1ABEA2832454BF5000BA97A6 /* Main.storyboard */,
				999FFA8A24663D24002AA407 /* Assets.xcassets */,
				1ABEA2882454BF5100BA97A6 /* LaunchScreen.storyboard */,
				1ABEA28B2454BF5100BA97A6 /* Info.plist */,
			);
			path = WeFit;
			sourceTree = "<group>";
		};
		4BB02B964B3E08D72F3FF363 /* Frameworks */ = {
			isa = PBXGroup;
			children = (
				239DCFAA1DD9A860441A5F7E /* Pods_WeFit.framework */,
			);
			name = Frameworks;
			sourceTree = "<group>";
		};
		6116D9FE9BAD4C7CD3A771A1 /* Pods */ = {
			isa = PBXGroup;
			children = (
				18B405C9A58AF262D179F986 /* Pods-WeFit.debug.xcconfig */,
				2F41BD77EB61A337DC227591 /* Pods-WeFit.release.xcconfig */,
			);
			path = Pods;
			sourceTree = "<group>";
		};
/* End PBXGroup section */

/* Begin PBXNativeTarget section */
		1ABEA2792454BF5000BA97A6 /* WeFit */ = {
			isa = PBXNativeTarget;
			buildConfigurationList = 1ABEA28E2454BF5100BA97A6 /* Build configuration list for PBXNativeTarget "WeFit" */;
			buildPhases = (
				0546317B97A5A32D2ACA9B88 /* [CP] Check Pods Manifest.lock */,
				1ABEA2762454BF5000BA97A6 /* Sources */,
				1ABEA2772454BF5000BA97A6 /* Frameworks */,
				1ABEA2782454BF5000BA97A6 /* Resources */,
				692A320377A26B0F4C500075 /* [CP] Embed Pods Frameworks */,
			);
			buildRules = (
			);
			dependencies = (
			);
			name = WeFit;
			productName = WeFit;
			productReference = 1ABEA27A2454BF5000BA97A6 /* WeFit.app */;
			productType = "com.apple.product-type.application";
		};
/* End PBXNativeTarget section */

/* Begin PBXProject section */
		1ABEA2722454BF5000BA97A6 /* Project object */ = {
			isa = PBXProject;
			attributes = {
				LastSwiftUpdateCheck = 1130;
				LastUpgradeCheck = 1130;
				ORGANIZATIONNAME = "Irinel Bandas";
				TargetAttributes = {
					1ABEA2792454BF5000BA97A6 = {
						CreatedOnToolsVersion = 11.3.1;
					};
				};
			};
			buildConfigurationList = 1ABEA2752454BF5000BA97A6 /* Build configuration list for PBXProject "WeFit" */;
			compatibilityVersion = "Xcode 9.3";
			developmentRegion = en;
			hasScannedForEncodings = 0;
			knownRegions = (
				en,
				Base,
			);
			mainGroup = 1ABEA2712454BF5000BA97A6;
			productRefGroup = 1ABEA27B2454BF5000BA97A6 /* Products */;
			projectDirPath = "";
			projectRoot = "";
			targets = (
				1ABEA2792454BF5000BA97A6 /* WeFit */,
			);
		};
/* End PBXProject section */

/* Begin PBXResourcesBuildPhase section */
		1ABEA2782454BF5000BA97A6 /* Resources */ = {
			isa = PBXResourcesBuildPhase;
			buildActionMask = 2147483647;
			files = (
				1A83B9042461F0CF00A7BA38 /* GoogleService-Info.plist in Resources */,
				1ABEA28A2454BF5100BA97A6 /* LaunchScreen.storyboard in Resources */,
				999FFA8B24663D24002AA407 /* Assets.xcassets in Resources */,
				1ABEA2852454BF5000BA97A6 /* Main.storyboard in Resources */,
			);
			runOnlyForDeploymentPostprocessing = 0;
		};
/* End PBXResourcesBuildPhase section */

/* Begin PBXShellScriptBuildPhase section */
		0546317B97A5A32D2ACA9B88 /* [CP] Check Pods Manifest.lock */ = {
			isa = PBXShellScriptBuildPhase;
			buildActionMask = 2147483647;
			files = (
			);
			inputFileListPaths = (
			);
			inputPaths = (
				"${PODS_PODFILE_DIR_PATH}/Podfile.lock",
				"${PODS_ROOT}/Manifest.lock",
			);
			name = "[CP] Check Pods Manifest.lock";
			outputFileListPaths = (
			);
			outputPaths = (
				"$(DERIVED_FILE_DIR)/Pods-WeFit-checkManifestLockResult.txt",
			);
			runOnlyForDeploymentPostprocessing = 0;
			shellPath = /bin/sh;
			shellScript = "diff \"${PODS_PODFILE_DIR_PATH}/Podfile.lock\" \"${PODS_ROOT}/Manifest.lock\" > /dev/null\nif [ $? != 0 ] ; then\n    # print error to STDERR\n    echo \"error: The sandbox is not in sync with the Podfile.lock. Run 'pod install' or update your CocoaPods installation.\" >&2\n    exit 1\nfi\n# This output is used by Xcode 'outputs' to avoid re-running this script phase.\necho \"SUCCESS\" > \"${SCRIPT_OUTPUT_FILE_0}\"\n";
			showEnvVarsInLog = 0;
		};
		692A320377A26B0F4C500075 /* [CP] Embed Pods Frameworks */ = {
			isa = PBXShellScriptBuildPhase;
			buildActionMask = 2147483647;
			files = (
			);
			inputFileListPaths = (
				"${PODS_ROOT}/Target Support Files/Pods-WeFit/Pods-WeFit-frameworks-${CONFIGURATION}-input-files.xcfilelist",
			);
			name = "[CP] Embed Pods Frameworks";
			outputFileListPaths = (
				"${PODS_ROOT}/Target Support Files/Pods-WeFit/Pods-WeFit-frameworks-${CONFIGURATION}-output-files.xcfilelist",
			);
			runOnlyForDeploymentPostprocessing = 0;
			shellPath = /bin/sh;
			shellScript = "\"${PODS_ROOT}/Target Support Files/Pods-WeFit/Pods-WeFit-frameworks.sh\"\n";
			showEnvVarsInLog = 0;
		};
/* End PBXShellScriptBuildPhase section */

/* Begin PBXSourcesBuildPhase section */
		1ABEA2762454BF5000BA97A6 /* Sources */ = {
			isa = PBXSourcesBuildPhase;
			buildActionMask = 2147483647;
			files = (
				99D2C7982462216600C5273B /* LoginViewController.swift in Sources */,
				1AFE50E524623858004C560A /* FacebookLoginVC.swift in Sources */,
				1A38947D245DEF7A006DA20B /* AddExercisesVC.swift in Sources */,
				1A6BD4082470BE1300D75268 /* User.swift in Sources */,
				99F6B8D724748757002582C4 /* SelectExerciseVC.swift in Sources */,
				1AC04ADE2470B5E4002E8A40 /* ChallengeAddMemberVC.swift in Sources */,
				1A7E1B03245768B100AA6568 /* AddSetCell.swift in Sources */,
				1A7E1B0124564BB400AA6568 /* SetCell.swift in Sources */,
				1AC04AE02470B755002E8A40 /* ChallengeMemberCell.swift in Sources */,
				1A6BD40A2470C6A200D75268 /* Member.swift in Sources */,
				1A7E1AFD2454D03900AA6568 /* WorkoutLogVC.swift in Sources */,
				1ABEA2822454BF5000BA97A6 /* ViewController.swift in Sources */,
				99B1E12F24661D6C0005D8A7 /* ProfileViewController.swift in Sources */,
				99B1E12B246347990005D8A7 /* LeaderboardVC.swift in Sources */,
				999FFA8D24664BBE002AA407 /* ExerciseProfileCell.swift in Sources */,
				99D2C79A2462237400C5273B /* MainTabController.swift in Sources */,
				99B1E12D24661C910005D8A7 /* Profile.swift in Sources */,
				1ABEA27E2454BF5000BA97A6 /* AppDelegate.swift in Sources */,
				1ABEA2802454BF5000BA97A6 /* SceneDelegate.swift in Sources */,
				99F6B8D32470F8DC002582C4 /* AddChallengeVC.swift in Sources */,
				1AC04ADC246A3275002E8A40 /* Challenge.swift in Sources */,
				1A38947F245DEFF1006DA20B /* PossibleExerciseCell.swift in Sources */,
				1ABEA2922454C49100BA97A6 /* Workout.swift in Sources */,
				1AC04AD82469BE39002E8A40 /* RankCell.swift in Sources */,
				1A7E1B05245769EB00AA6568 /* AddExerciseCell.swift in Sources */,
				1AC04ADA246A08DF002E8A40 /* Competitor.swift in Sources */,
				1A7E1AFF2454F41700AA6568 /* ExerciseCell.swift in Sources */,
			);
			runOnlyForDeploymentPostprocessing = 0;
		};
/* End PBXSourcesBuildPhase section */

/* Begin PBXVariantGroup section */
		1ABEA2832454BF5000BA97A6 /* Main.storyboard */ = {
			isa = PBXVariantGroup;
			children = (
				1ABEA2842454BF5000BA97A6 /* Base */,
			);
			name = Main.storyboard;
			sourceTree = "<group>";
		};
		1ABEA2882454BF5100BA97A6 /* LaunchScreen.storyboard */ = {
			isa = PBXVariantGroup;
			children = (
				1ABEA2892454BF5100BA97A6 /* Base */,
			);
			name = LaunchScreen.storyboard;
			sourceTree = "<group>";
		};
/* End PBXVariantGroup section */

/* Begin XCBuildConfiguration section */
		1ABEA28C2454BF5100BA97A6 /* Debug */ = {
			isa = XCBuildConfiguration;
			buildSettings = {
				ALWAYS_SEARCH_USER_PATHS = NO;
				CLANG_ANALYZER_NONNULL = YES;
				CLANG_ANALYZER_NUMBER_OBJECT_CONVERSION = YES_AGGRESSIVE;
				CLANG_CXX_LANGUAGE_STANDARD = "gnu++14";
				CLANG_CXX_LIBRARY = "libc++";
				CLANG_ENABLE_MODULES = YES;
				CLANG_ENABLE_OBJC_ARC = YES;
				CLANG_ENABLE_OBJC_WEAK = YES;
				CLANG_WARN_BLOCK_CAPTURE_AUTORELEASING = YES;
				CLANG_WARN_BOOL_CONVERSION = YES;
				CLANG_WARN_COMMA = YES;
				CLANG_WARN_CONSTANT_CONVERSION = YES;
				CLANG_WARN_DEPRECATED_OBJC_IMPLEMENTATIONS = YES;
				CLANG_WARN_DIRECT_OBJC_ISA_USAGE = YES_ERROR;
				CLANG_WARN_DOCUMENTATION_COMMENTS = YES;
				CLANG_WARN_EMPTY_BODY = YES;
				CLANG_WARN_ENUM_CONVERSION = YES;
				CLANG_WARN_INFINITE_RECURSION = YES;
				CLANG_WARN_INT_CONVERSION = YES;
				CLANG_WARN_NON_LITERAL_NULL_CONVERSION = YES;
				CLANG_WARN_OBJC_IMPLICIT_RETAIN_SELF = YES;
				CLANG_WARN_OBJC_LITERAL_CONVERSION = YES;
				CLANG_WARN_OBJC_ROOT_CLASS = YES_ERROR;
				CLANG_WARN_RANGE_LOOP_ANALYSIS = YES;
				CLANG_WARN_STRICT_PROTOTYPES = YES;
				CLANG_WARN_SUSPICIOUS_MOVE = YES;
				CLANG_WARN_UNGUARDED_AVAILABILITY = YES_AGGRESSIVE;
				CLANG_WARN_UNREACHABLE_CODE = YES;
				CLANG_WARN__DUPLICATE_METHOD_MATCH = YES;
				COPY_PHASE_STRIP = NO;
				DEBUG_INFORMATION_FORMAT = dwarf;
				ENABLE_STRICT_OBJC_MSGSEND = YES;
				ENABLE_TESTABILITY = YES;
				GCC_C_LANGUAGE_STANDARD = gnu11;
				GCC_DYNAMIC_NO_PIC = NO;
				GCC_NO_COMMON_BLOCKS = YES;
				GCC_OPTIMIZATION_LEVEL = 0;
				GCC_PREPROCESSOR_DEFINITIONS = (
					"DEBUG=1",
					"$(inherited)",
				);
				GCC_WARN_64_TO_32_BIT_CONVERSION = YES;
				GCC_WARN_ABOUT_RETURN_TYPE = YES_ERROR;
				GCC_WARN_UNDECLARED_SELECTOR = YES;
				GCC_WARN_UNINITIALIZED_AUTOS = YES_AGGRESSIVE;
				GCC_WARN_UNUSED_FUNCTION = YES;
				GCC_WARN_UNUSED_VARIABLE = YES;
				IPHONEOS_DEPLOYMENT_TARGET = 13.2;
				MTL_ENABLE_DEBUG_INFO = INCLUDE_SOURCE;
				MTL_FAST_MATH = YES;
				ONLY_ACTIVE_ARCH = YES;
				SDKROOT = iphoneos;
				SWIFT_ACTIVE_COMPILATION_CONDITIONS = DEBUG;
				SWIFT_OPTIMIZATION_LEVEL = "-Onone";
			};
			name = Debug;
		};
		1ABEA28D2454BF5100BA97A6 /* Release */ = {
			isa = XCBuildConfiguration;
			buildSettings = {
				ALWAYS_SEARCH_USER_PATHS = NO;
				CLANG_ANALYZER_NONNULL = YES;
				CLANG_ANALYZER_NUMBER_OBJECT_CONVERSION = YES_AGGRESSIVE;
				CLANG_CXX_LANGUAGE_STANDARD = "gnu++14";
				CLANG_CXX_LIBRARY = "libc++";
				CLANG_ENABLE_MODULES = YES;
				CLANG_ENABLE_OBJC_ARC = YES;
				CLANG_ENABLE_OBJC_WEAK = YES;
				CLANG_WARN_BLOCK_CAPTURE_AUTORELEASING = YES;
				CLANG_WARN_BOOL_CONVERSION = YES;
				CLANG_WARN_COMMA = YES;
				CLANG_WARN_CONSTANT_CONVERSION = YES;
				CLANG_WARN_DEPRECATED_OBJC_IMPLEMENTATIONS = YES;
				CLANG_WARN_DIRECT_OBJC_ISA_USAGE = YES_ERROR;
				CLANG_WARN_DOCUMENTATION_COMMENTS = YES;
				CLANG_WARN_EMPTY_BODY = YES;
				CLANG_WARN_ENUM_CONVERSION = YES;
				CLANG_WARN_INFINITE_RECURSION = YES;
				CLANG_WARN_INT_CONVERSION = YES;
				CLANG_WARN_NON_LITERAL_NULL_CONVERSION = YES;
				CLANG_WARN_OBJC_IMPLICIT_RETAIN_SELF = YES;
				CLANG_WARN_OBJC_LITERAL_CONVERSION = YES;
				CLANG_WARN_OBJC_ROOT_CLASS = YES_ERROR;
				CLANG_WARN_RANGE_LOOP_ANALYSIS = YES;
				CLANG_WARN_STRICT_PROTOTYPES = YES;
				CLANG_WARN_SUSPICIOUS_MOVE = YES;
				CLANG_WARN_UNGUARDED_AVAILABILITY = YES_AGGRESSIVE;
				CLANG_WARN_UNREACHABLE_CODE = YES;
				CLANG_WARN__DUPLICATE_METHOD_MATCH = YES;
				COPY_PHASE_STRIP = NO;
				DEBUG_INFORMATION_FORMAT = "dwarf-with-dsym";
				ENABLE_NS_ASSERTIONS = NO;
				ENABLE_STRICT_OBJC_MSGSEND = YES;
				GCC_C_LANGUAGE_STANDARD = gnu11;
				GCC_NO_COMMON_BLOCKS = YES;
				GCC_WARN_64_TO_32_BIT_CONVERSION = YES;
				GCC_WARN_ABOUT_RETURN_TYPE = YES_ERROR;
				GCC_WARN_UNDECLARED_SELECTOR = YES;
				GCC_WARN_UNINITIALIZED_AUTOS = YES_AGGRESSIVE;
				GCC_WARN_UNUSED_FUNCTION = YES;
				GCC_WARN_UNUSED_VARIABLE = YES;
				IPHONEOS_DEPLOYMENT_TARGET = 13.2;
				MTL_ENABLE_DEBUG_INFO = NO;
				MTL_FAST_MATH = YES;
				SDKROOT = iphoneos;
				SWIFT_COMPILATION_MODE = wholemodule;
				SWIFT_OPTIMIZATION_LEVEL = "-O";
				VALIDATE_PRODUCT = YES;
			};
			name = Release;
		};
		1ABEA28F2454BF5100BA97A6 /* Debug */ = {
			isa = XCBuildConfiguration;
			baseConfigurationReference = 18B405C9A58AF262D179F986 /* Pods-WeFit.debug.xcconfig */;
			buildSettings = {
				ASSETCATALOG_COMPILER_APPICON_NAME = AppIcon;
				CODE_SIGN_ENTITLEMENTS = WeFit/WeFit.entitlements;
				CODE_SIGN_STYLE = Automatic;
				INFOPLIST_FILE = WeFit/Info.plist;
				LD_RUNPATH_SEARCH_PATHS = (
					"$(inherited)",
					"@executable_path/Frameworks",
				);
				PRODUCT_BUNDLE_IDENTIFIER = com.wefit.ios;
				PRODUCT_NAME = "$(TARGET_NAME)";
				SWIFT_VERSION = 5.0;
				TARGETED_DEVICE_FAMILY = "1,2";
			};
			name = Debug;
		};
		1ABEA2902454BF5100BA97A6 /* Release */ = {
			isa = XCBuildConfiguration;
			baseConfigurationReference = 2F41BD77EB61A337DC227591 /* Pods-WeFit.release.xcconfig */;
			buildSettings = {
				ASSETCATALOG_COMPILER_APPICON_NAME = AppIcon;
				CODE_SIGN_ENTITLEMENTS = WeFit/WeFit.entitlements;
				CODE_SIGN_STYLE = Automatic;
				INFOPLIST_FILE = WeFit/Info.plist;
				LD_RUNPATH_SEARCH_PATHS = (
					"$(inherited)",
					"@executable_path/Frameworks",
				);
				PRODUCT_BUNDLE_IDENTIFIER = com.wefit.ios;
				PRODUCT_NAME = "$(TARGET_NAME)";
				SWIFT_VERSION = 5.0;
				TARGETED_DEVICE_FAMILY = "1,2";
			};
			name = Release;
		};
/* End XCBuildConfiguration section */

/* Begin XCConfigurationList section */
		1ABEA2752454BF5000BA97A6 /* Build configuration list for PBXProject "WeFit" */ = {
			isa = XCConfigurationList;
			buildConfigurations = (
				1ABEA28C2454BF5100BA97A6 /* Debug */,
				1ABEA28D2454BF5100BA97A6 /* Release */,
			);
			defaultConfigurationIsVisible = 0;
			defaultConfigurationName = Release;
		};
		1ABEA28E2454BF5100BA97A6 /* Build configuration list for PBXNativeTarget "WeFit" */ = {
			isa = XCConfigurationList;
			buildConfigurations = (
				1ABEA28F2454BF5100BA97A6 /* Debug */,
				1ABEA2902454BF5100BA97A6 /* Release */,
			);
			defaultConfigurationIsVisible = 0;
			defaultConfigurationName = Release;
		};
/* End XCConfigurationList section */
	};
	rootObject = 1ABEA2722454BF5000BA97A6 /* Project object */;
}
